// !$*UTF8*$!
{
	archiveVersion = 1;
	classes = {
	};
	objectVersion = 56;
	objects = {

/* Begin PBXBuildFile section */
		9710FB362B06B38B00B9AD7F /* RMLocation.swift in Sources */ = {isa = PBXBuildFile; fileRef = 9710FB352B06B38B00B9AD7F /* RMLocation.swift */; };
		9710FB382B06B39400B9AD7F /* RMEpisode.swift in Sources */ = {isa = PBXBuildFile; fileRef = 9710FB372B06B39400B9AD7F /* RMEpisode.swift */; };
		9710FB3A2B06B3B700B9AD7F /* RMCharacter.swift in Sources */ = {isa = PBXBuildFile; fileRef = 9710FB392B06B3B700B9AD7F /* RMCharacter.swift */; };
		9710FB3D2B06B61600B9AD7F /* RMCharacterController.swift in Sources */ = {isa = PBXBuildFile; fileRef = 9710FB3C2B06B61600B9AD7F /* RMCharacterController.swift */; };
		9710FB3F2B06B62100B9AD7F /* RMLocationViewController.swift in Sources */ = {isa = PBXBuildFile; fileRef = 9710FB3E2B06B62100B9AD7F /* RMLocationViewController.swift */; };
		9710FB412B06B62D00B9AD7F /* RMEpisodeViewController.swift in Sources */ = {isa = PBXBuildFile; fileRef = 9710FB402B06B62D00B9AD7F /* RMEpisodeViewController.swift */; };
		9710FB432B06B6DA00B9AD7F /* RMSettingsViewController.swift in Sources */ = {isa = PBXBuildFile; fileRef = 9710FB422B06B6DA00B9AD7F /* RMSettingsViewController.swift */; };
		9710FB452B07A15000B9AD7F /* RMService.swift in Sources */ = {isa = PBXBuildFile; fileRef = 9710FB442B07A15000B9AD7F /* RMService.swift */; };
		9710FB472B07A18A00B9AD7F /* RMRequest.swift in Sources */ = {isa = PBXBuildFile; fileRef = 9710FB462B07A18A00B9AD7F /* RMRequest.swift */; };
		9710FB492B07A43400B9AD7F /* RMEndpoint.swift in Sources */ = {isa = PBXBuildFile; fileRef = 9710FB482B07A43400B9AD7F /* RMEndpoint.swift */; };
		9710FB4B2B07C55400B9AD7F /* RMOrigin.swift in Sources */ = {isa = PBXBuildFile; fileRef = 9710FB4A2B07C55400B9AD7F /* RMOrigin.swift */; };
		9710FB4D2B07C5DA00B9AD7F /* RMSingleLocation.swift in Sources */ = {isa = PBXBuildFile; fileRef = 9710FB4C2B07C5DA00B9AD7F /* RMSingleLocation.swift */; };
		9710FB532B07C89E00B9AD7F /* RMCharacterStatus.swift in Sources */ = {isa = PBXBuildFile; fileRef = 9710FB522B07C89E00B9AD7F /* RMCharacterStatus.swift */; };
		9710FB552B07C90900B9AD7F /* RMCharacterGender.swift in Sources */ = {isa = PBXBuildFile; fileRef = 9710FB542B07C90900B9AD7F /* RMCharacterGender.swift */; };
		9713BFB82B30E4A8003D283B /* RMCharacterPhotoCollectionViewCell.swift in Sources */ = {isa = PBXBuildFile; fileRef = 9713BFB72B30E4A8003D283B /* RMCharacterPhotoCollectionViewCell.swift */; };
		9713BFBA2B30E4B4003D283B /* RMCharacterInfoCollectionViewCell.swift in Sources */ = {isa = PBXBuildFile; fileRef = 9713BFB92B30E4B4003D283B /* RMCharacterInfoCollectionViewCell.swift */; };
		9713BFBC2B30E4C0003D283B /* RMCharacterEpisodeCollectionViewCell.swift in Sources */ = {isa = PBXBuildFile; fileRef = 9713BFBB2B30E4C0003D283B /* RMCharacterEpisodeCollectionViewCell.swift */; };
		9713BFBF2B30E51A003D283B /* RMCharacterPhotoCollectionViewCellViewModel.swift in Sources */ = {isa = PBXBuildFile; fileRef = 9713BFBE2B30E51A003D283B /* RMCharacterPhotoCollectionViewCellViewModel.swift */; };
		9713BFC12B30E528003D283B /* RMCharacterInfoCollectionViewCellViewModel.swift in Sources */ = {isa = PBXBuildFile; fileRef = 9713BFC02B30E528003D283B /* RMCharacterInfoCollectionViewCellViewModel.swift */; };
		9713BFC32B30E538003D283B /* RMCharacterEpisodeCollectionViewCellViewModel.swift in Sources */ = {isa = PBXBuildFile; fileRef = 9713BFC22B30E538003D283B /* RMCharacterEpisodeCollectionViewCellViewModel.swift */; };
		973343E62B38CC4A00B2CDCC /* RMEpisodeDetailViewController.swift in Sources */ = {isa = PBXBuildFile; fileRef = 973343E52B38CC4A00B2CDCC /* RMEpisodeDetailViewController.swift */; };
		975B0EC52B1E17E300FCA1E2 /* RMCharacterDetailViewController.swift in Sources */ = {isa = PBXBuildFile; fileRef = 975B0EC42B1E17E300FCA1E2 /* RMCharacterDetailViewController.swift */; };
		975B0EC72B1E189700FCA1E2 /* RMCharacterDetailView.swift in Sources */ = {isa = PBXBuildFile; fileRef = 975B0EC62B1E189700FCA1E2 /* RMCharacterDetailView.swift */; };
		975B0ECB2B1E18B900FCA1E2 /* RMCharacterDetailViewViewModel.swift in Sources */ = {isa = PBXBuildFile; fileRef = 975B0ECA2B1E18B900FCA1E2 /* RMCharacterDetailViewViewModel.swift */; };
		9795DBEB2B02DF6D0031F2BA /* AppDelegate.swift in Sources */ = {isa = PBXBuildFile; fileRef = 9795DBEA2B02DF6D0031F2BA /* AppDelegate.swift */; };
		9795DBED2B02DF6D0031F2BA /* SceneDelegate.swift in Sources */ = {isa = PBXBuildFile; fileRef = 9795DBEC2B02DF6D0031F2BA /* SceneDelegate.swift */; };
		9795DBEF2B02DF6D0031F2BA /* RMTabBarController.swift in Sources */ = {isa = PBXBuildFile; fileRef = 9795DBEE2B02DF6D0031F2BA /* RMTabBarController.swift */; };
		9795DBF42B02DF6E0031F2BA /* Assets.xcassets in Resources */ = {isa = PBXBuildFile; fileRef = 9795DBF32B02DF6E0031F2BA /* Assets.xcassets */; };
		9795DBF72B02DF6E0031F2BA /* LaunchScreen.storyboard in Resources */ = {isa = PBXBuildFile; fileRef = 9795DBF52B02DF6E0031F2BA /* LaunchScreen.storyboard */; };
		97D1C5AE2B13E88D006649ED /* RMGetAllCharactersResponse.swift in Sources */ = {isa = PBXBuildFile; fileRef = 97D1C5AD2B13E88D006649ED /* RMGetAllCharactersResponse.swift */; };
		97D1C5B02B14C4AA006649ED /* RMCharacterListViewViewModel .swift in Sources */ = {isa = PBXBuildFile; fileRef = 97D1C5AF2B14C4AA006649ED /* RMCharacterListViewViewModel .swift */; };
		97D1C5B22B14C5CF006649ED /* RMCharacterListView.swift in Sources */ = {isa = PBXBuildFile; fileRef = 97D1C5B12B14C5CF006649ED /* RMCharacterListView.swift */; };
		97D1C5B42B15BA0E006649ED /* Extensions.swift in Sources */ = {isa = PBXBuildFile; fileRef = 97D1C5B32B15BA0E006649ED /* Extensions.swift */; };
		97D1C5B62B162528006649ED /* RMCharacterCollectionViewCell.swift in Sources */ = {isa = PBXBuildFile; fileRef = 97D1C5B52B162528006649ED /* RMCharacterCollectionViewCell.swift */; };
		97D1C5B82B16265F006649ED /* RMCharacterCollectionViewCellViewModel.swift in Sources */ = {isa = PBXBuildFile; fileRef = 97D1C5B72B16265F006649ED /* RMCharacterCollectionViewCellViewModel.swift */; };
		97E48BFF2B1E6BA5005AAC6F /* RMFooterLoadingCollectionReusableView.swift in Sources */ = {isa = PBXBuildFile; fileRef = 97E48BFE2B1E6BA5005AAC6F /* RMFooterLoadingCollectionReusableView.swift */; };
		97E48C3A2B273A35005AAC6F /* RMImageLoader.swift in Sources */ = {isa = PBXBuildFile; fileRef = 97E48C392B273A35005AAC6F /* RMImageLoader.swift */; };
/* End PBXBuildFile section */

/* Begin PBXFileReference section */
		9710FB352B06B38B00B9AD7F /* RMLocation.swift */ = {isa = PBXFileReference; lastKnownFileType = sourcecode.swift; path = RMLocation.swift; sourceTree = "<group>"; };
		9710FB372B06B39400B9AD7F /* RMEpisode.swift */ = {isa = PBXFileReference; lastKnownFileType = sourcecode.swift; path = RMEpisode.swift; sourceTree = "<group>"; };
		9710FB392B06B3B700B9AD7F /* RMCharacter.swift */ = {isa = PBXFileReference; lastKnownFileType = sourcecode.swift; path = RMCharacter.swift; sourceTree = "<group>"; };
		9710FB3C2B06B61600B9AD7F /* RMCharacterController.swift */ = {isa = PBXFileReference; lastKnownFileType = sourcecode.swift; path = RMCharacterController.swift; sourceTree = "<group>"; };
		9710FB3E2B06B62100B9AD7F /* RMLocationViewController.swift */ = {isa = PBXFileReference; lastKnownFileType = sourcecode.swift; path = RMLocationViewController.swift; sourceTree = "<group>"; };
		9710FB402B06B62D00B9AD7F /* RMEpisodeViewController.swift */ = {isa = PBXFileReference; lastKnownFileType = sourcecode.swift; path = RMEpisodeViewController.swift; sourceTree = "<group>"; };
		9710FB422B06B6DA00B9AD7F /* RMSettingsViewController.swift */ = {isa = PBXFileReference; lastKnownFileType = sourcecode.swift; path = RMSettingsViewController.swift; sourceTree = "<group>"; };
		9710FB442B07A15000B9AD7F /* RMService.swift */ = {isa = PBXFileReference; lastKnownFileType = sourcecode.swift; path = RMService.swift; sourceTree = "<group>"; };
		9710FB462B07A18A00B9AD7F /* RMRequest.swift */ = {isa = PBXFileReference; lastKnownFileType = sourcecode.swift; path = RMRequest.swift; sourceTree = "<group>"; };
		9710FB482B07A43400B9AD7F /* RMEndpoint.swift */ = {isa = PBXFileReference; lastKnownFileType = sourcecode.swift; path = RMEndpoint.swift; sourceTree = "<group>"; };
		9710FB4A2B07C55400B9AD7F /* RMOrigin.swift */ = {isa = PBXFileReference; lastKnownFileType = sourcecode.swift; path = RMOrigin.swift; sourceTree = "<group>"; };
		9710FB4C2B07C5DA00B9AD7F /* RMSingleLocation.swift */ = {isa = PBXFileReference; lastKnownFileType = sourcecode.swift; path = RMSingleLocation.swift; sourceTree = "<group>"; };
		9710FB522B07C89E00B9AD7F /* RMCharacterStatus.swift */ = {isa = PBXFileReference; lastKnownFileType = sourcecode.swift; path = RMCharacterStatus.swift; sourceTree = "<group>"; };
		9710FB542B07C90900B9AD7F /* RMCharacterGender.swift */ = {isa = PBXFileReference; lastKnownFileType = sourcecode.swift; path = RMCharacterGender.swift; sourceTree = "<group>"; };
		9713BFB72B30E4A8003D283B /* RMCharacterPhotoCollectionViewCell.swift */ = {isa = PBXFileReference; lastKnownFileType = sourcecode.swift; path = RMCharacterPhotoCollectionViewCell.swift; sourceTree = "<group>"; };
		9713BFB92B30E4B4003D283B /* RMCharacterInfoCollectionViewCell.swift */ = {isa = PBXFileReference; lastKnownFileType = sourcecode.swift; path = RMCharacterInfoCollectionViewCell.swift; sourceTree = "<group>"; };
		9713BFBB2B30E4C0003D283B /* RMCharacterEpisodeCollectionViewCell.swift */ = {isa = PBXFileReference; lastKnownFileType = sourcecode.swift; path = RMCharacterEpisodeCollectionViewCell.swift; sourceTree = "<group>"; };
		9713BFBE2B30E51A003D283B /* RMCharacterPhotoCollectionViewCellViewModel.swift */ = {isa = PBXFileReference; lastKnownFileType = sourcecode.swift; path = RMCharacterPhotoCollectionViewCellViewModel.swift; sourceTree = "<group>"; };
		9713BFC02B30E528003D283B /* RMCharacterInfoCollectionViewCellViewModel.swift */ = {isa = PBXFileReference; lastKnownFileType = sourcecode.swift; path = RMCharacterInfoCollectionViewCellViewModel.swift; sourceTree = "<group>"; };
		9713BFC22B30E538003D283B /* RMCharacterEpisodeCollectionViewCellViewModel.swift */ = {isa = PBXFileReference; lastKnownFileType = sourcecode.swift; path = RMCharacterEpisodeCollectionViewCellViewModel.swift; sourceTree = "<group>"; };
		973343E52B38CC4A00B2CDCC /* RMEpisodeDetailViewController.swift */ = {isa = PBXFileReference; lastKnownFileType = sourcecode.swift; path = RMEpisodeDetailViewController.swift; sourceTree = "<group>"; };
		975B0EC42B1E17E300FCA1E2 /* RMCharacterDetailViewController.swift */ = {isa = PBXFileReference; lastKnownFileType = sourcecode.swift; path = RMCharacterDetailViewController.swift; sourceTree = "<group>"; };
		975B0EC62B1E189700FCA1E2 /* RMCharacterDetailView.swift */ = {isa = PBXFileReference; lastKnownFileType = sourcecode.swift; path = RMCharacterDetailView.swift; sourceTree = "<group>"; };
		975B0ECA2B1E18B900FCA1E2 /* RMCharacterDetailViewViewModel.swift */ = {isa = PBXFileReference; lastKnownFileType = sourcecode.swift; path = RMCharacterDetailViewViewModel.swift; sourceTree = "<group>"; };
		9795DBE72B02DF6D0031F2BA /* RickAndMortyApp.app */ = {isa = PBXFileReference; explicitFileType = wrapper.application; includeInIndex = 0; path = RickAndMortyApp.app; sourceTree = BUILT_PRODUCTS_DIR; };
		9795DBEA2B02DF6D0031F2BA /* AppDelegate.swift */ = {isa = PBXFileReference; lastKnownFileType = sourcecode.swift; path = AppDelegate.swift; sourceTree = "<group>"; };
		9795DBEC2B02DF6D0031F2BA /* SceneDelegate.swift */ = {isa = PBXFileReference; lastKnownFileType = sourcecode.swift; path = SceneDelegate.swift; sourceTree = "<group>"; };
		9795DBEE2B02DF6D0031F2BA /* RMTabBarController.swift */ = {isa = PBXFileReference; lastKnownFileType = sourcecode.swift; path = RMTabBarController.swift; sourceTree = "<group>"; };
		9795DBF32B02DF6E0031F2BA /* Assets.xcassets */ = {isa = PBXFileReference; lastKnownFileType = folder.assetcatalog; path = Assets.xcassets; sourceTree = "<group>"; };
		9795DBF62B02DF6E0031F2BA /* Base */ = {isa = PBXFileReference; lastKnownFileType = file.storyboard; name = Base; path = Base.lproj/LaunchScreen.storyboard; sourceTree = "<group>"; };
		9795DBF82B02DF6E0031F2BA /* Info.plist */ = {isa = PBXFileReference; lastKnownFileType = text.plist.xml; path = Info.plist; sourceTree = "<group>"; };
		97D1C5AD2B13E88D006649ED /* RMGetAllCharactersResponse.swift */ = {isa = PBXFileReference; lastKnownFileType = sourcecode.swift; path = RMGetAllCharactersResponse.swift; sourceTree = "<group>"; };
		97D1C5AF2B14C4AA006649ED /* RMCharacterListViewViewModel .swift */ = {isa = PBXFileReference; lastKnownFileType = sourcecode.swift; path = "RMCharacterListViewViewModel .swift"; sourceTree = "<group>"; };
		97D1C5B12B14C5CF006649ED /* RMCharacterListView.swift */ = {isa = PBXFileReference; lastKnownFileType = sourcecode.swift; path = RMCharacterListView.swift; sourceTree = "<group>"; };
		97D1C5B32B15BA0E006649ED /* Extensions.swift */ = {isa = PBXFileReference; lastKnownFileType = sourcecode.swift; path = Extensions.swift; sourceTree = "<group>"; };
		97D1C5B52B162528006649ED /* RMCharacterCollectionViewCell.swift */ = {isa = PBXFileReference; lastKnownFileType = sourcecode.swift; path = RMCharacterCollectionViewCell.swift; sourceTree = "<group>"; };
		97D1C5B72B16265F006649ED /* RMCharacterCollectionViewCellViewModel.swift */ = {isa = PBXFileReference; lastKnownFileType = sourcecode.swift; path = RMCharacterCollectionViewCellViewModel.swift; sourceTree = "<group>"; };
		97E48BFE2B1E6BA5005AAC6F /* RMFooterLoadingCollectionReusableView.swift */ = {isa = PBXFileReference; lastKnownFileType = sourcecode.swift; path = RMFooterLoadingCollectionReusableView.swift; sourceTree = "<group>"; };
		97E48C392B273A35005AAC6F /* RMImageLoader.swift */ = {isa = PBXFileReference; lastKnownFileType = sourcecode.swift; path = RMImageLoader.swift; sourceTree = "<group>"; };
/* End PBXFileReference section */

/* Begin PBXFrameworksBuildPhase section */
		9795DBE42B02DF6D0031F2BA /* Frameworks */ = {
			isa = PBXFrameworksBuildPhase;
			buildActionMask = 2147483647;
			files = (
			);
			runOnlyForDeploymentPostprocessing = 0;
		};
/* End PBXFrameworksBuildPhase section */

/* Begin PBXGroup section */
		9710FB2E2B06B0B700B9AD7F /* Controllers */ = {
			isa = PBXGroup;
			children = (
				975B0EC32B1E17BB00FCA1E2 /* Other */,
				9710FB3B2B06B5F300B9AD7F /* Core */,
			);
			path = Controllers;
			sourceTree = "<group>";
		};
		9710FB2F2B06B0C000B9AD7F /* Models */ = {
			isa = PBXGroup;
			children = (
				97D1C5AC2B13E863006649ED /* APIResponseTypes */,
				97D1C5AB2B13E833006649ED /* DataTypes */,
			);
			path = Models;
			sourceTree = "<group>";
		};
		9710FB302B06B0CE00B9AD7F /* Views */ = {
			isa = PBXGroup;
			children = (
				9713BFB52B30E461003D283B /* CharacterDetail */,
				9713BFB62B30E475003D283B /* Character */,
				97E48BFE2B1E6BA5005AAC6F /* RMFooterLoadingCollectionReusableView.swift */,
			);
			path = Views;
			sourceTree = "<group>";
		};
		9710FB312B06B0D500B9AD7F /* ViewModels */ = {
			isa = PBXGroup;
			children = (
				97D1C5AF2B14C4AA006649ED /* RMCharacterListViewViewModel .swift */,
				97D1C5B72B16265F006649ED /* RMCharacterCollectionViewCellViewModel.swift */,
				9713BFBD2B30E4F8003D283B /* CharacterDetail */,
			);
			path = ViewModels;
			sourceTree = "<group>";
		};
		9710FB322B06B0E400B9AD7F /* APIClient */ = {
			isa = PBXGroup;
			children = (
				9710FB442B07A15000B9AD7F /* RMService.swift */,
				9710FB462B07A18A00B9AD7F /* RMRequest.swift */,
				9710FB482B07A43400B9AD7F /* RMEndpoint.swift */,
			);
			path = APIClient;
			sourceTree = "<group>";
		};
		9710FB332B06B0F100B9AD7F /* Managers */ = {
			isa = PBXGroup;
			children = (
				97E48C392B273A35005AAC6F /* RMImageLoader.swift */,
			);
			path = Managers;
			sourceTree = "<group>";
		};
		9710FB342B06B0F700B9AD7F /* Resources */ = {
			isa = PBXGroup;
			children = (
				9795DBF32B02DF6E0031F2BA /* Assets.xcassets */,
				9795DBF52B02DF6E0031F2BA /* LaunchScreen.storyboard */,
				9795DBEA2B02DF6D0031F2BA /* AppDelegate.swift */,
				9795DBEC2B02DF6D0031F2BA /* SceneDelegate.swift */,
				97D1C5B32B15BA0E006649ED /* Extensions.swift */,
			);
			path = Resources;
			sourceTree = "<group>";
		};
		9710FB3B2B06B5F300B9AD7F /* Core */ = {
			isa = PBXGroup;
			children = (
				9795DBEE2B02DF6D0031F2BA /* RMTabBarController.swift */,
				9710FB3C2B06B61600B9AD7F /* RMCharacterController.swift */,
				9710FB3E2B06B62100B9AD7F /* RMLocationViewController.swift */,
				9710FB402B06B62D00B9AD7F /* RMEpisodeViewController.swift */,
				9710FB422B06B6DA00B9AD7F /* RMSettingsViewController.swift */,
			);
			path = Core;
			sourceTree = "<group>";
		};
		9713BFB52B30E461003D283B /* CharacterDetail */ = {
			isa = PBXGroup;
			children = (
				975B0EC62B1E189700FCA1E2 /* RMCharacterDetailView.swift */,
				9713BFB72B30E4A8003D283B /* RMCharacterPhotoCollectionViewCell.swift */,
				9713BFB92B30E4B4003D283B /* RMCharacterInfoCollectionViewCell.swift */,
				9713BFBB2B30E4C0003D283B /* RMCharacterEpisodeCollectionViewCell.swift */,
			);
			path = CharacterDetail;
			sourceTree = "<group>";
		};
		9713BFB62B30E475003D283B /* Character */ = {
			isa = PBXGroup;
			children = (
				97D1C5B12B14C5CF006649ED /* RMCharacterListView.swift */,
				97D1C5B52B162528006649ED /* RMCharacterCollectionViewCell.swift */,
			);
			path = Character;
			sourceTree = "<group>";
		};
		9713BFBD2B30E4F8003D283B /* CharacterDetail */ = {
			isa = PBXGroup;
			children = (
				975B0ECA2B1E18B900FCA1E2 /* RMCharacterDetailViewViewModel.swift */,
				9713BFBE2B30E51A003D283B /* RMCharacterPhotoCollectionViewCellViewModel.swift */,
				9713BFC02B30E528003D283B /* RMCharacterInfoCollectionViewCellViewModel.swift */,
				9713BFC22B30E538003D283B /* RMCharacterEpisodeCollectionViewCellViewModel.swift */,
			);
			path = CharacterDetail;
			sourceTree = "<group>";
		};
		975B0EC32B1E17BB00FCA1E2 /* Other */ = {
			isa = PBXGroup;
			children = (
				975B0EC42B1E17E300FCA1E2 /* RMCharacterDetailViewController.swift */,
				973343E52B38CC4A00B2CDCC /* RMEpisodeDetailViewController.swift */,
			);
			path = Other;
			sourceTree = "<group>";
		};
		9795DBDE2B02DF6C0031F2BA = {
			isa = PBXGroup;
			children = (
				9795DBE92B02DF6D0031F2BA /* RickAndMortyApp */,
				9795DBE82B02DF6D0031F2BA /* Products */,
			);
			sourceTree = "<group>";
		};
		9795DBE82B02DF6D0031F2BA /* Products */ = {
			isa = PBXGroup;
			children = (
				9795DBE72B02DF6D0031F2BA /* RickAndMortyApp.app */,
			);
			name = Products;
			sourceTree = "<group>";
		};
		9795DBE92B02DF6D0031F2BA /* RickAndMortyApp */ = {
			isa = PBXGroup;
			children = (
				9710FB342B06B0F700B9AD7F /* Resources */,
				9710FB332B06B0F100B9AD7F /* Managers */,
				9710FB322B06B0E400B9AD7F /* APIClient */,
				9710FB312B06B0D500B9AD7F /* ViewModels */,
				9710FB302B06B0CE00B9AD7F /* Views */,
				9710FB2F2B06B0C000B9AD7F /* Models */,
				9710FB2E2B06B0B700B9AD7F /* Controllers */,
				9795DBF82B02DF6E0031F2BA /* Info.plist */,
			);
			path = RickAndMortyApp;
			sourceTree = "<group>";
		};
		97D1C5AB2B13E833006649ED /* DataTypes */ = {
			isa = PBXGroup;
			children = (
				9710FB392B06B3B700B9AD7F /* RMCharacter.swift */,
				9710FB542B07C90900B9AD7F /* RMCharacterGender.swift */,
				9710FB522B07C89E00B9AD7F /* RMCharacterStatus.swift */,
				9710FB352B06B38B00B9AD7F /* RMLocation.swift */,
				9710FB372B06B39400B9AD7F /* RMEpisode.swift */,
				9710FB4A2B07C55400B9AD7F /* RMOrigin.swift */,
				9710FB4C2B07C5DA00B9AD7F /* RMSingleLocation.swift */,
			);
			path = DataTypes;
			sourceTree = "<group>";
		};
		97D1C5AC2B13E863006649ED /* APIResponseTypes */ = {
			isa = PBXGroup;
			children = (
				97D1C5AD2B13E88D006649ED /* RMGetAllCharactersResponse.swift */,
			);
			path = APIResponseTypes;
			sourceTree = "<group>";
		};
/* End PBXGroup section */

/* Begin PBXNativeTarget section */
		9795DBE62B02DF6D0031F2BA /* RickAndMortyApp */ = {
			isa = PBXNativeTarget;
			buildConfigurationList = 9795DBFB2B02DF6E0031F2BA /* Build configuration list for PBXNativeTarget "RickAndMortyApp" */;
			buildPhases = (
				9795DBE32B02DF6D0031F2BA /* Sources */,
				9795DBE42B02DF6D0031F2BA /* Frameworks */,
				9795DBE52B02DF6D0031F2BA /* Resources */,
			);
			buildRules = (
			);
			dependencies = (
			);
			name = RickAndMortyApp;
			productName = RickAndMortyApp;
			productReference = 9795DBE72B02DF6D0031F2BA /* RickAndMortyApp.app */;
			productType = "com.apple.product-type.application";
		};
/* End PBXNativeTarget section */

/* Begin PBXProject section */
		9795DBDF2B02DF6C0031F2BA /* Project object */ = {
			isa = PBXProject;
			attributes = {
				BuildIndependentTargetsInParallel = 1;
				LastSwiftUpdateCheck = 1500;
				LastUpgradeCheck = 1500;
				TargetAttributes = {
					9795DBE62B02DF6D0031F2BA = {
						CreatedOnToolsVersion = 15.0;
					};
				};
			};
			buildConfigurationList = 9795DBE22B02DF6C0031F2BA /* Build configuration list for PBXProject "RickAndMortyApp" */;
			compatibilityVersion = "Xcode 14.0";
			developmentRegion = en;
			hasScannedForEncodings = 0;
			knownRegions = (
				en,
				Base,
			);
			mainGroup = 9795DBDE2B02DF6C0031F2BA;
			productRefGroup = 9795DBE82B02DF6D0031F2BA /* Products */;
			projectDirPath = "";
			projectRoot = "";
			targets = (
				9795DBE62B02DF6D0031F2BA /* RickAndMortyApp */,
			);
		};
/* End PBXProject section */

/* Begin PBXResourcesBuildPhase section */
		9795DBE52B02DF6D0031F2BA /* Resources */ = {
			isa = PBXResourcesBuildPhase;
			buildActionMask = 2147483647;
			files = (
				9795DBF72B02DF6E0031F2BA /* LaunchScreen.storyboard in Resources */,
				9795DBF42B02DF6E0031F2BA /* Assets.xcassets in Resources */,
			);
			runOnlyForDeploymentPostprocessing = 0;
		};
/* End PBXResourcesBuildPhase section */

/* Begin PBXSourcesBuildPhase section */
		9795DBE32B02DF6D0031F2BA /* Sources */ = {
			isa = PBXSourcesBuildPhase;
			buildActionMask = 2147483647;
			files = (
				97D1C5AE2B13E88D006649ED /* RMGetAllCharactersResponse.swift in Sources */,
				975B0ECB2B1E18B900FCA1E2 /* RMCharacterDetailViewViewModel.swift in Sources */,
				9710FB4D2B07C5DA00B9AD7F /* RMSingleLocation.swift in Sources */,
				97E48C3A2B273A35005AAC6F /* RMImageLoader.swift in Sources */,
				97D1C5B22B14C5CF006649ED /* RMCharacterListView.swift in Sources */,
				9710FB4B2B07C55400B9AD7F /* RMOrigin.swift in Sources */,
				97D1C5B02B14C4AA006649ED /* RMCharacterListViewViewModel .swift in Sources */,
				975B0EC52B1E17E300FCA1E2 /* RMCharacterDetailViewController.swift in Sources */,
				9710FB532B07C89E00B9AD7F /* RMCharacterStatus.swift in Sources */,
				97E48BFF2B1E6BA5005AAC6F /* RMFooterLoadingCollectionReusableView.swift in Sources */,
				9710FB552B07C90900B9AD7F /* RMCharacterGender.swift in Sources */,
				9713BFBA2B30E4B4003D283B /* RMCharacterInfoCollectionViewCell.swift in Sources */,
				9710FB3F2B06B62100B9AD7F /* RMLocationViewController.swift in Sources */,
				9710FB3A2B06B3B700B9AD7F /* RMCharacter.swift in Sources */,
				9713BFC12B30E528003D283B /* RMCharacterInfoCollectionViewCellViewModel.swift in Sources */,
				97D1C5B62B162528006649ED /* RMCharacterCollectionViewCell.swift in Sources */,
				9795DBEF2B02DF6D0031F2BA /* RMTabBarController.swift in Sources */,
				9710FB412B06B62D00B9AD7F /* RMEpisodeViewController.swift in Sources */,
				9710FB3D2B06B61600B9AD7F /* RMCharacterController.swift in Sources */,
				9713BFB82B30E4A8003D283B /* RMCharacterPhotoCollectionViewCell.swift in Sources */,
				9713BFC32B30E538003D283B /* RMCharacterEpisodeCollectionViewCellViewModel.swift in Sources */,
				9795DBEB2B02DF6D0031F2BA /* AppDelegate.swift in Sources */,
				97D1C5B42B15BA0E006649ED /* Extensions.swift in Sources */,
				9713BFBF2B30E51A003D283B /* RMCharacterPhotoCollectionViewCellViewModel.swift in Sources */,
				9710FB432B06B6DA00B9AD7F /* RMSettingsViewController.swift in Sources */,
				9710FB492B07A43400B9AD7F /* RMEndpoint.swift in Sources */,
				9710FB452B07A15000B9AD7F /* RMService.swift in Sources */,
				973343E62B38CC4A00B2CDCC /* RMEpisodeDetailViewController.swift in Sources */,
				9710FB382B06B39400B9AD7F /* RMEpisode.swift in Sources */,
				97D1C5B82B16265F006649ED /* RMCharacterCollectionViewCellViewModel.swift in Sources */,
				9795DBED2B02DF6D0031F2BA /* SceneDelegate.swift in Sources */,
				9710FB472B07A18A00B9AD7F /* RMRequest.swift in Sources */,
				9713BFBC2B30E4C0003D283B /* RMCharacterEpisodeCollectionViewCell.swift in Sources */,
				9710FB362B06B38B00B9AD7F /* RMLocation.swift in Sources */,
				975B0EC72B1E189700FCA1E2 /* RMCharacterDetailView.swift in Sources */,
			);
			runOnlyForDeploymentPostprocessing = 0;
		};
/* End PBXSourcesBuildPhase section */

/* Begin PBXVariantGroup section */
		9795DBF52B02DF6E0031F2BA /* LaunchScreen.storyboard */ = {
			isa = PBXVariantGroup;
			children = (
				9795DBF62B02DF6E0031F2BA /* Base */,
			);
			name = LaunchScreen.storyboard;
			sourceTree = "<group>";
		};
/* End PBXVariantGroup section */

/* Begin XCBuildConfiguration section */
		9795DBF92B02DF6E0031F2BA /* Debug */ = {
			isa = XCBuildConfiguration;
			buildSettings = {
				ALWAYS_SEARCH_USER_PATHS = NO;
				ASSETCATALOG_COMPILER_GENERATE_SWIFT_ASSET_SYMBOL_EXTENSIONS = YES;
				CLANG_ANALYZER_NONNULL = YES;
				CLANG_ANALYZER_NUMBER_OBJECT_CONVERSION = YES_AGGRESSIVE;
				CLANG_CXX_LANGUAGE_STANDARD = "gnu++20";
				CLANG_ENABLE_MODULES = YES;
				CLANG_ENABLE_OBJC_ARC = YES;
				CLANG_ENABLE_OBJC_WEAK = YES;
				CLANG_WARN_BLOCK_CAPTURE_AUTORELEASING = YES;
				CLANG_WARN_BOOL_CONVERSION = YES;
				CLANG_WARN_COMMA = YES;
				CLANG_WARN_CONSTANT_CONVERSION = YES;
				CLANG_WARN_DEPRECATED_OBJC_IMPLEMENTATIONS = YES;
				CLANG_WARN_DIRECT_OBJC_ISA_USAGE = YES_ERROR;
				CLANG_WARN_DOCUMENTATION_COMMENTS = YES;
				CLANG_WARN_EMPTY_BODY = YES;
				CLANG_WARN_ENUM_CONVERSION = YES;
				CLANG_WARN_INFINITE_RECURSION = YES;
				CLANG_WARN_INT_CONVERSION = YES;
				CLANG_WARN_NON_LITERAL_NULL_CONVERSION = YES;
				CLANG_WARN_OBJC_IMPLICIT_RETAIN_SELF = YES;
				CLANG_WARN_OBJC_LITERAL_CONVERSION = YES;
				CLANG_WARN_OBJC_ROOT_CLASS = YES_ERROR;
				CLANG_WARN_QUOTED_INCLUDE_IN_FRAMEWORK_HEADER = YES;
				CLANG_WARN_RANGE_LOOP_ANALYSIS = YES;
				CLANG_WARN_STRICT_PROTOTYPES = YES;
				CLANG_WARN_SUSPICIOUS_MOVE = YES;
				CLANG_WARN_UNGUARDED_AVAILABILITY = YES_AGGRESSIVE;
				CLANG_WARN_UNREACHABLE_CODE = YES;
				CLANG_WARN__DUPLICATE_METHOD_MATCH = YES;
				COPY_PHASE_STRIP = NO;
				DEBUG_INFORMATION_FORMAT = dwarf;
				ENABLE_STRICT_OBJC_MSGSEND = YES;
				ENABLE_TESTABILITY = YES;
				ENABLE_USER_SCRIPT_SANDBOXING = YES;
				GCC_C_LANGUAGE_STANDARD = gnu17;
				GCC_DYNAMIC_NO_PIC = NO;
				GCC_NO_COMMON_BLOCKS = YES;
				GCC_OPTIMIZATION_LEVEL = 0;
				GCC_PREPROCESSOR_DEFINITIONS = (
					"DEBUG=1",
					"$(inherited)",
				);
				GCC_WARN_64_TO_32_BIT_CONVERSION = YES;
				GCC_WARN_ABOUT_RETURN_TYPE = YES_ERROR;
				GCC_WARN_UNDECLARED_SELECTOR = YES;
				GCC_WARN_UNINITIALIZED_AUTOS = YES_AGGRESSIVE;
				GCC_WARN_UNUSED_FUNCTION = YES;
				GCC_WARN_UNUSED_VARIABLE = YES;
				IPHONEOS_DEPLOYMENT_TARGET = 17.0;
				LOCALIZATION_PREFERS_STRING_CATALOGS = YES;
				MTL_ENABLE_DEBUG_INFO = INCLUDE_SOURCE;
				MTL_FAST_MATH = YES;
				ONLY_ACTIVE_ARCH = YES;
				SDKROOT = iphoneos;
				SWIFT_ACTIVE_COMPILATION_CONDITIONS = "DEBUG $(inherited)";
				SWIFT_OPTIMIZATION_LEVEL = "-Onone";
			};
			name = Debug;
		};
		9795DBFA2B02DF6E0031F2BA /* Release */ = {
			isa = XCBuildConfiguration;
			buildSettings = {
				ALWAYS_SEARCH_USER_PATHS = NO;
				ASSETCATALOG_COMPILER_GENERATE_SWIFT_ASSET_SYMBOL_EXTENSIONS = YES;
				CLANG_ANALYZER_NONNULL = YES;
				CLANG_ANALYZER_NUMBER_OBJECT_CONVERSION = YES_AGGRESSIVE;
				CLANG_CXX_LANGUAGE_STANDARD = "gnu++20";
				CLANG_ENABLE_MODULES = YES;
				CLANG_ENABLE_OBJC_ARC = YES;
				CLANG_ENABLE_OBJC_WEAK = YES;
				CLANG_WARN_BLOCK_CAPTURE_AUTORELEASING = YES;
				CLANG_WARN_BOOL_CONVERSION = YES;
				CLANG_WARN_COMMA = YES;
				CLANG_WARN_CONSTANT_CONVERSION = YES;
				CLANG_WARN_DEPRECATED_OBJC_IMPLEMENTATIONS = YES;
				CLANG_WARN_DIRECT_OBJC_ISA_USAGE = YES_ERROR;
				CLANG_WARN_DOCUMENTATION_COMMENTS = YES;
				CLANG_WARN_EMPTY_BODY = YES;
				CLANG_WARN_ENUM_CONVERSION = YES;
				CLANG_WARN_INFINITE_RECURSION = YES;
				CLANG_WARN_INT_CONVERSION = YES;
				CLANG_WARN_NON_LITERAL_NULL_CONVERSION = YES;
				CLANG_WARN_OBJC_IMPLICIT_RETAIN_SELF = YES;
				CLANG_WARN_OBJC_LITERAL_CONVERSION = YES;
				CLANG_WARN_OBJC_ROOT_CLASS = YES_ERROR;
				CLANG_WARN_QUOTED_INCLUDE_IN_FRAMEWORK_HEADER = YES;
				CLANG_WARN_RANGE_LOOP_ANALYSIS = YES;
				CLANG_WARN_STRICT_PROTOTYPES = YES;
				CLANG_WARN_SUSPICIOUS_MOVE = YES;
				CLANG_WARN_UNGUARDED_AVAILABILITY = YES_AGGRESSIVE;
				CLANG_WARN_UNREACHABLE_CODE = YES;
				CLANG_WARN__DUPLICATE_METHOD_MATCH = YES;
				COPY_PHASE_STRIP = NO;
				DEBUG_INFORMATION_FORMAT = "dwarf-with-dsym";
				ENABLE_NS_ASSERTIONS = NO;
				ENABLE_STRICT_OBJC_MSGSEND = YES;
				ENABLE_USER_SCRIPT_SANDBOXING = YES;
				GCC_C_LANGUAGE_STANDARD = gnu17;
				GCC_NO_COMMON_BLOCKS = YES;
				GCC_WARN_64_TO_32_BIT_CONVERSION = YES;
				GCC_WARN_ABOUT_RETURN_TYPE = YES_ERROR;
				GCC_WARN_UNDECLARED_SELECTOR = YES;
				GCC_WARN_UNINITIALIZED_AUTOS = YES_AGGRESSIVE;
				GCC_WARN_UNUSED_FUNCTION = YES;
				GCC_WARN_UNUSED_VARIABLE = YES;
				IPHONEOS_DEPLOYMENT_TARGET = 17.0;
				LOCALIZATION_PREFERS_STRING_CATALOGS = YES;
				MTL_ENABLE_DEBUG_INFO = NO;
				MTL_FAST_MATH = YES;
				SDKROOT = iphoneos;
				SWIFT_COMPILATION_MODE = wholemodule;
				VALIDATE_PRODUCT = YES;
			};
			name = Release;
		};
		9795DBFC2B02DF6E0031F2BA /* Debug */ = {
			isa = XCBuildConfiguration;
			buildSettings = {
				ASSETCATALOG_COMPILER_APPICON_NAME = AppIcon;
				ASSETCATALOG_COMPILER_GLOBAL_ACCENT_COLOR_NAME = AccentColor;
				CODE_SIGN_STYLE = Automatic;
				CURRENT_PROJECT_VERSION = 1;
				DEVELOPMENT_TEAM = RMB7NLP62Y;
				GENERATE_INFOPLIST_FILE = YES;
				INFOPLIST_FILE = RickAndMortyApp/Info.plist;
				INFOPLIST_KEY_UIApplicationSupportsIndirectInputEvents = YES;
				INFOPLIST_KEY_UILaunchStoryboardName = LaunchScreen;
				INFOPLIST_KEY_UIMainStoryboardFile = "";
				INFOPLIST_KEY_UISupportedInterfaceOrientations_iPad = "UIInterfaceOrientationPortrait UIInterfaceOrientationPortraitUpsideDown UIInterfaceOrientationLandscapeLeft UIInterfaceOrientationLandscapeRight";
				INFOPLIST_KEY_UISupportedInterfaceOrientations_iPhone = "UIInterfaceOrientationPortrait UIInterfaceOrientationLandscapeLeft UIInterfaceOrientationLandscapeRight";
				LD_RUNPATH_SEARCH_PATHS = (
					"$(inherited)",
					"@executable_path/Frameworks",
				);
				MARKETING_VERSION = 1.0;
				PRODUCT_BUNDLE_IDENTIFIER = com.myaumura.RickAndMortyApp;
				PRODUCT_NAME = "$(TARGET_NAME)";
				SWIFT_EMIT_LOC_STRINGS = YES;
				SWIFT_VERSION = 5.0;
				TARGETED_DEVICE_FAMILY = "1,2";
			};
			name = Debug;
		};
		9795DBFD2B02DF6E0031F2BA /* Release */ = {
			isa = XCBuildConfiguration;
			buildSettings = {
				ASSETCATALOG_COMPILER_APPICON_NAME = AppIcon;
				ASSETCATALOG_COMPILER_GLOBAL_ACCENT_COLOR_NAME = AccentColor;
				CODE_SIGN_STYLE = Automatic;
				CURRENT_PROJECT_VERSION = 1;
				DEVELOPMENT_TEAM = RMB7NLP62Y;
				GENERATE_INFOPLIST_FILE = YES;
				INFOPLIST_FILE = RickAndMortyApp/Info.plist;
				INFOPLIST_KEY_UIApplicationSupportsIndirectInputEvents = YES;
				INFOPLIST_KEY_UILaunchStoryboardName = LaunchScreen;
				INFOPLIST_KEY_UIMainStoryboardFile = "";
				INFOPLIST_KEY_UISupportedInterfaceOrientations_iPad = "UIInterfaceOrientationPortrait UIInterfaceOrientationPortraitUpsideDown UIInterfaceOrientationLandscapeLeft UIInterfaceOrientationLandscapeRight";
				INFOPLIST_KEY_UISupportedInterfaceOrientations_iPhone = "UIInterfaceOrientationPortrait UIInterfaceOrientationLandscapeLeft UIInterfaceOrientationLandscapeRight";
				LD_RUNPATH_SEARCH_PATHS = (
					"$(inherited)",
					"@executable_path/Frameworks",
				);
				MARKETING_VERSION = 1.0;
				PRODUCT_BUNDLE_IDENTIFIER = com.myaumura.RickAndMortyApp;
				PRODUCT_NAME = "$(TARGET_NAME)";
				SWIFT_EMIT_LOC_STRINGS = YES;
				SWIFT_VERSION = 5.0;
				TARGETED_DEVICE_FAMILY = "1,2";
			};
			name = Release;
		};
/* End XCBuildConfiguration section */

/* Begin XCConfigurationList section */
		9795DBE22B02DF6C0031F2BA /* Build configuration list for PBXProject "RickAndMortyApp" */ = {
			isa = XCConfigurationList;
			buildConfigurations = (
				9795DBF92B02DF6E0031F2BA /* Debug */,
				9795DBFA2B02DF6E0031F2BA /* Release */,
			);
			defaultConfigurationIsVisible = 0;
			defaultConfigurationName = Release;
		};
		9795DBFB2B02DF6E0031F2BA /* Build configuration list for PBXNativeTarget "RickAndMortyApp" */ = {
			isa = XCConfigurationList;
			buildConfigurations = (
				9795DBFC2B02DF6E0031F2BA /* Debug */,
				9795DBFD2B02DF6E0031F2BA /* Release */,
			);
			defaultConfigurationIsVisible = 0;
			defaultConfigurationName = Release;
		};
/* End XCConfigurationList section */
	};
	rootObject = 9795DBDF2B02DF6C0031F2BA /* Project object */;
}
